
Microsoft Visual Studio Solution File, Format Version 12.00
# Visual Studio Version 16
VisualStudioVersion = 16.0.29201.188
MinimumVisualStudioVersion = 10.0.40219.1
Project("{FAE04EC0-301F-11D3-BF4B-00C04F79EFBC}") = "Color", "Color\Color.csproj", "{ADB20B5E-5225-4E4C-AF72-C162A64F3C3C}"
EndProject
Global
	GlobalSection(SolutionConfigurationPlatforms) = preSolution
		Debug|Any CPU = Debug|Any CPU
		Release|Any CPU = Release|Any CPU
	EndGlobalSection
	GlobalSection(ProjectConfigurationPlatforms) = postSolution
		{ADB20B5E-5225-4E4C-AF72-C162A64F3C3C}.Debug|Any CPU.ActiveCfg = Debug|Any CPU
		{ADB20B5E-5225-4E4C-AF72-C162A64F3C3C}.Debug|Any CPU.Build.0 = Debug|Any CPU
		{ADB20B5E-5225-4E4C-AF72-C162A64F3C3C}.Release|Any CPU.ActiveCfg = Release|Any CPU
		{ADB20B5E-5225-4E4C-AF72-C162A64F3C3C}.Release|Any CPU.Build.0 = Release|Any CPU
	EndGlobalSection
	GlobalSection(SolutionProperties) = preSolution
		HideSolutionNode = FALSE
	EndGlobalSection
	GlobalSection(ExtensibilityGlobals) = postSolution
		SolutionGuid = {C9A3A5C7-A353-416B-9B61-119E9622DFA0}
	EndGlobalSection
EndGlobal
