
Microsoft Visual Studio Solution File, Format Version 12.00
# Visual Studio Version 16
VisualStudioVersion = 16.0.29201.188
MinimumVisualStudioVersion = 10.0.40219.1
Project("{FAE04EC0-301F-11D3-BF4B-00C04F79EFBC}") = "ArrInputs", "ArrInputs.csproj", "{374A471D-0061-45F8-82EE-5C6892D3B1A4}"
EndProject
Global
	GlobalSection(SolutionConfigurationPlatforms) = preSolution
		Debug|Any CPU = Debug|Any CPU
		Release|Any CPU = Release|Any CPU
	EndGlobalSection
	GlobalSection(ProjectConfigurationPlatforms) = postSolution
		{374A471D-0061-45F8-82EE-5C6892D3B1A4}.Debug|Any CPU.ActiveCfg = Debug|Any CPU
		{374A471D-0061-45F8-82EE-5C6892D3B1A4}.Debug|Any CPU.Build.0 = Debug|Any CPU
		{374A471D-0061-45F8-82EE-5C6892D3B1A4}.Release|Any CPU.ActiveCfg = Release|Any CPU
		{374A471D-0061-45F8-82EE-5C6892D3B1A4}.Release|Any CPU.Build.0 = Release|Any CPU
	EndGlobalSection
	GlobalSection(SolutionProperties) = preSolution
		HideSolutionNode = FALSE
	EndGlobalSection
	GlobalSection(ExtensibilityGlobals) = postSolution
		SolutionGuid = {342429B6-E3B5-4629-AC40-E37B2BA4C7A6}
	EndGlobalSection
EndGlobal
