
Microsoft Visual Studio Solution File, Format Version 12.00
# Visual Studio Version 16
VisualStudioVersion = 16.0.29201.188
MinimumVisualStudioVersion = 10.0.40219.1
Project("{FAE04EC0-301F-11D3-BF4B-00C04F79EFBC}") = "Practical 1", "Practical 1\Practical 1.csproj", "{425ACC06-86B4-4249-9C1A-AAD40C494693}"
EndProject
Global
	GlobalSection(SolutionConfigurationPlatforms) = preSolution
		Debug|Any CPU = Debug|Any CPU
		Release|Any CPU = Release|Any CPU
	EndGlobalSection
	GlobalSection(ProjectConfigurationPlatforms) = postSolution
		{425ACC06-86B4-4249-9C1A-AAD40C494693}.Debug|Any CPU.ActiveCfg = Debug|Any CPU
		{425ACC06-86B4-4249-9C1A-AAD40C494693}.Debug|Any CPU.Build.0 = Debug|Any CPU
		{425ACC06-86B4-4249-9C1A-AAD40C494693}.Release|Any CPU.ActiveCfg = Release|Any CPU
		{425ACC06-86B4-4249-9C1A-AAD40C494693}.Release|Any CPU.Build.0 = Release|Any CPU
	EndGlobalSection
	GlobalSection(SolutionProperties) = preSolution
		HideSolutionNode = FALSE
	EndGlobalSection
	GlobalSection(ExtensibilityGlobals) = postSolution
		SolutionGuid = {4283207F-0699-44C5-8A52-E8E9EAB6F7C0}
	EndGlobalSection
EndGlobal
