
Microsoft Visual Studio Solution File, Format Version 12.00
# Visual Studio Version 16
VisualStudioVersion = 16.0.29201.188
MinimumVisualStudioVersion = 10.0.40219.1
Project("{FAE04EC0-301F-11D3-BF4B-00C04F79EFBC}") = "Lam", "Lam\Lam.csproj", "{D59ED176-1134-4A44-9112-E2DFE07A4E8D}"
EndProject
Global
	GlobalSection(SolutionConfigurationPlatforms) = preSolution
		Debug|Any CPU = Debug|Any CPU
		Release|Any CPU = Release|Any CPU
	EndGlobalSection
	GlobalSection(ProjectConfigurationPlatforms) = postSolution
		{D59ED176-1134-4A44-9112-E2DFE07A4E8D}.Debug|Any CPU.ActiveCfg = Debug|Any CPU
		{D59ED176-1134-4A44-9112-E2DFE07A4E8D}.Debug|Any CPU.Build.0 = Debug|Any CPU
		{D59ED176-1134-4A44-9112-E2DFE07A4E8D}.Release|Any CPU.ActiveCfg = Release|Any CPU
		{D59ED176-1134-4A44-9112-E2DFE07A4E8D}.Release|Any CPU.Build.0 = Release|Any CPU
	EndGlobalSection
	GlobalSection(SolutionProperties) = preSolution
		HideSolutionNode = FALSE
	EndGlobalSection
	GlobalSection(ExtensibilityGlobals) = postSolution
		SolutionGuid = {E1F07F3F-DFF5-4F58-AEB6-EF79CB1D3B44}
	EndGlobalSection
EndGlobal
