
Microsoft Visual Studio Solution File, Format Version 12.00
# Visual Studio Version 16
VisualStudioVersion = 16.0.29201.188
MinimumVisualStudioVersion = 10.0.40219.1
Project("{9A19103F-16F7-4668-BE54-9A1E7A4F7556}") = "test", "test\test.csproj", "{CF30A5F5-07C3-4E17-82E2-232309646BA0}"
EndProject
Project("{FAE04EC0-301F-11D3-BF4B-00C04F79EFBC}") = "MSTest", "MSTest\MSTest.csproj", "{363B256E-7B59-4A22-9D2B-21FFB088BAD3}"
EndProject
Global
	GlobalSection(SolutionConfigurationPlatforms) = preSolution
		Debug|Any CPU = Debug|Any CPU
		Release|Any CPU = Release|Any CPU
	EndGlobalSection
	GlobalSection(ProjectConfigurationPlatforms) = postSolution
		{CF30A5F5-07C3-4E17-82E2-232309646BA0}.Debug|Any CPU.ActiveCfg = Debug|Any CPU
		{CF30A5F5-07C3-4E17-82E2-232309646BA0}.Debug|Any CPU.Build.0 = Debug|Any CPU
		{CF30A5F5-07C3-4E17-82E2-232309646BA0}.Release|Any CPU.ActiveCfg = Release|Any CPU
		{CF30A5F5-07C3-4E17-82E2-232309646BA0}.Release|Any CPU.Build.0 = Release|Any CPU
		{363B256E-7B59-4A22-9D2B-21FFB088BAD3}.Debug|Any CPU.ActiveCfg = Debug|Any CPU
		{363B256E-7B59-4A22-9D2B-21FFB088BAD3}.Debug|Any CPU.Build.0 = Debug|Any CPU
		{363B256E-7B59-4A22-9D2B-21FFB088BAD3}.Release|Any CPU.ActiveCfg = Release|Any CPU
		{363B256E-7B59-4A22-9D2B-21FFB088BAD3}.Release|Any CPU.Build.0 = Release|Any CPU
	EndGlobalSection
	GlobalSection(SolutionProperties) = preSolution
		HideSolutionNode = FALSE
	EndGlobalSection
	GlobalSection(ExtensibilityGlobals) = postSolution
		SolutionGuid = {5E57FE3E-0A4F-401C-A538-7EE4F42F6801}
	EndGlobalSection
EndGlobal
