
Microsoft Visual Studio Solution File, Format Version 12.00
# Visual Studio Version 16
VisualStudioVersion = 16.0.29201.188
MinimumVisualStudioVersion = 10.0.40219.1
Project("{FAE04EC0-301F-11D3-BF4B-00C04F79EFBC}") = "Animals", "Animals\Animals.csproj", "{89BB47AD-8509-45F9-AE6D-B1E085BD7A8F}"
EndProject
Global
	GlobalSection(SolutionConfigurationPlatforms) = preSolution
		Debug|Any CPU = Debug|Any CPU
		Release|Any CPU = Release|Any CPU
	EndGlobalSection
	GlobalSection(ProjectConfigurationPlatforms) = postSolution
		{89BB47AD-8509-45F9-AE6D-B1E085BD7A8F}.Debug|Any CPU.ActiveCfg = Debug|Any CPU
		{89BB47AD-8509-45F9-AE6D-B1E085BD7A8F}.Debug|Any CPU.Build.0 = Debug|Any CPU
		{89BB47AD-8509-45F9-AE6D-B1E085BD7A8F}.Release|Any CPU.ActiveCfg = Release|Any CPU
		{89BB47AD-8509-45F9-AE6D-B1E085BD7A8F}.Release|Any CPU.Build.0 = Release|Any CPU
	EndGlobalSection
	GlobalSection(SolutionProperties) = preSolution
		HideSolutionNode = FALSE
	EndGlobalSection
	GlobalSection(ExtensibilityGlobals) = postSolution
		SolutionGuid = {1F681A6C-A108-4DBF-BDCC-D9CD33481450}
	EndGlobalSection
EndGlobal
