
Microsoft Visual Studio Solution File, Format Version 12.00
# Visual Studio Version 16
VisualStudioVersion = 16.0.29201.188
MinimumVisualStudioVersion = 10.0.40219.1
Project("{FAE04EC0-301F-11D3-BF4B-00C04F79EFBC}") = "VehiclesR15", "VehiclesR15\VehiclesR15.csproj", "{EE409CA4-7A02-4FDC-A044-39113B6C1E95}"
EndProject
Global
	GlobalSection(SolutionConfigurationPlatforms) = preSolution
		Debug|Any CPU = Debug|Any CPU
		Release|Any CPU = Release|Any CPU
	EndGlobalSection
	GlobalSection(ProjectConfigurationPlatforms) = postSolution
		{EE409CA4-7A02-4FDC-A044-39113B6C1E95}.Debug|Any CPU.ActiveCfg = Debug|Any CPU
		{EE409CA4-7A02-4FDC-A044-39113B6C1E95}.Debug|Any CPU.Build.0 = Debug|Any CPU
		{EE409CA4-7A02-4FDC-A044-39113B6C1E95}.Release|Any CPU.ActiveCfg = Release|Any CPU
		{EE409CA4-7A02-4FDC-A044-39113B6C1E95}.Release|Any CPU.Build.0 = Release|Any CPU
	EndGlobalSection
	GlobalSection(SolutionProperties) = preSolution
		HideSolutionNode = FALSE
	EndGlobalSection
	GlobalSection(ExtensibilityGlobals) = postSolution
		SolutionGuid = {3ECCBCFF-D8AA-46CD-AFB0-31865132482F}
	EndGlobalSection
EndGlobal
