
Microsoft Visual Studio Solution File, Format Version 12.00
# Visual Studio Version 16
VisualStudioVersion = 16.0.29201.188
MinimumVisualStudioVersion = 10.0.40219.1
Project("{FAE04EC0-301F-11D3-BF4B-00C04F79EFBC}") = "Fans", "Fans\Fans.csproj", "{A12647B4-B713-4C4E-8059-EA3656530686}"
EndProject
Global
	GlobalSection(SolutionConfigurationPlatforms) = preSolution
		Debug|Any CPU = Debug|Any CPU
		Release|Any CPU = Release|Any CPU
	EndGlobalSection
	GlobalSection(ProjectConfigurationPlatforms) = postSolution
		{A12647B4-B713-4C4E-8059-EA3656530686}.Debug|Any CPU.ActiveCfg = Debug|Any CPU
		{A12647B4-B713-4C4E-8059-EA3656530686}.Debug|Any CPU.Build.0 = Debug|Any CPU
		{A12647B4-B713-4C4E-8059-EA3656530686}.Release|Any CPU.ActiveCfg = Release|Any CPU
		{A12647B4-B713-4C4E-8059-EA3656530686}.Release|Any CPU.Build.0 = Release|Any CPU
	EndGlobalSection
	GlobalSection(SolutionProperties) = preSolution
		HideSolutionNode = FALSE
	EndGlobalSection
	GlobalSection(ExtensibilityGlobals) = postSolution
		SolutionGuid = {4D754860-5D9C-454D-87F3-D5AF3A13C616}
	EndGlobalSection
EndGlobal
