
Microsoft Visual Studio Solution File, Format Version 12.00
# Visual Studio Version 16
VisualStudioVersion = 16.0.29201.188
MinimumVisualStudioVersion = 10.0.40219.1
Project("{FAE04EC0-301F-11D3-BF4B-00C04F79EFBC}") = "ZOO", "ZOO\ZOO.csproj", "{62933E14-3171-4C56-8E59-2D24B51EED7F}"
EndProject
Global
	GlobalSection(SolutionConfigurationPlatforms) = preSolution
		Debug|Any CPU = Debug|Any CPU
		Release|Any CPU = Release|Any CPU
	EndGlobalSection
	GlobalSection(ProjectConfigurationPlatforms) = postSolution
		{62933E14-3171-4C56-8E59-2D24B51EED7F}.Debug|Any CPU.ActiveCfg = Debug|Any CPU
		{62933E14-3171-4C56-8E59-2D24B51EED7F}.Debug|Any CPU.Build.0 = Debug|Any CPU
		{62933E14-3171-4C56-8E59-2D24B51EED7F}.Release|Any CPU.ActiveCfg = Release|Any CPU
		{62933E14-3171-4C56-8E59-2D24B51EED7F}.Release|Any CPU.Build.0 = Release|Any CPU
	EndGlobalSection
	GlobalSection(SolutionProperties) = preSolution
		HideSolutionNode = FALSE
	EndGlobalSection
	GlobalSection(ExtensibilityGlobals) = postSolution
		SolutionGuid = {D5D7C92C-9E14-41E9-953E-00677AAB09E2}
	EndGlobalSection
EndGlobal
